
Microsoft Visual Studio Solution File, Format Version 12.00
# Visual Studio Version 16
VisualStudioVersion = 16.0.31205.134
MinimumVisualStudioVersion = 10.0.40219.1
Project("{2150E333-8FDC-42A3-9474-1A3956D46DE8}") = "Solution Items", "Solution Items", "{4454B556-E04B-4798-982C-CA2583EE5E46}"
	ProjectSection(SolutionItems) = preProject
		Developist.Core.Cqrs.sln.licenseheader = Developist.Core.Cqrs.sln.licenseheader
		Directory.Build.props = Directory.Build.props
		License.txt = License.txt
	EndProjectSection
EndProject
Project("{9A19103F-16F7-4668-BE54-9A1E7A4F7556}") = "Developist.Core.Cqrs", "Developist.Core.Cqrs\Developist.Core.Cqrs.csproj", "{F3C97BC1-8A61-4D72-9E8B-654415FDA0DF}"
EndProject
Project("{9A19103F-16F7-4668-BE54-9A1E7A4F7556}") = "Developist.Core.Cqrs.DependencyInjection", "Developist.Core.Cqrs.DependencyInjection\Developist.Core.Cqrs.DependencyInjection.csproj", "{B013850A-7288-4000-8868-29FAD1C2D846}"
EndProject
Project("{9A19103F-16F7-4668-BE54-9A1E7A4F7556}") = "Developist.Core.Cqrs.Tests", "Developist.Core.Cqrs.Tests\Developist.Core.Cqrs.Tests.csproj", "{176CE1F3-2F25-41C7-85AE-1D7180C7DA91}"
EndProject
Global
	GlobalSection(SolutionConfigurationPlatforms) = preSolution
		Debug|Any CPU = Debug|Any CPU
		Release|Any CPU = Release|Any CPU
	EndGlobalSection
	GlobalSection(ProjectConfigurationPlatforms) = postSolution
		{F3C97BC1-8A61-4D72-9E8B-654415FDA0DF}.Debug|Any CPU.ActiveCfg = Debug|Any CPU
		{F3C97BC1-8A61-4D72-9E8B-654415FDA0DF}.Debug|Any CPU.Build.0 = Debug|Any CPU
		{F3C97BC1-8A61-4D72-9E8B-654415FDA0DF}.Release|Any CPU.ActiveCfg = Release|Any CPU
		{F3C97BC1-8A61-4D72-9E8B-654415FDA0DF}.Release|Any CPU.Build.0 = Release|Any CPU
		{B013850A-7288-4000-8868-29FAD1C2D846}.Debug|Any CPU.ActiveCfg = Debug|Any CPU
		{B013850A-7288-4000-8868-29FAD1C2D846}.Debug|Any CPU.Build.0 = Debug|Any CPU
		{B013850A-7288-4000-8868-29FAD1C2D846}.Release|Any CPU.ActiveCfg = Release|Any CPU
		{B013850A-7288-4000-8868-29FAD1C2D846}.Release|Any CPU.Build.0 = Release|Any CPU
		{176CE1F3-2F25-41C7-85AE-1D7180C7DA91}.Debug|Any CPU.ActiveCfg = Debug|Any CPU
		{176CE1F3-2F25-41C7-85AE-1D7180C7DA91}.Debug|Any CPU.Build.0 = Debug|Any CPU
		{176CE1F3-2F25-41C7-85AE-1D7180C7DA91}.Release|Any CPU.ActiveCfg = Release|Any CPU
		{176CE1F3-2F25-41C7-85AE-1D7180C7DA91}.Release|Any CPU.Build.0 = Release|Any CPU
	EndGlobalSection
	GlobalSection(SolutionProperties) = preSolution
		HideSolutionNode = FALSE
	EndGlobalSection
	GlobalSection(ExtensibilityGlobals) = postSolution
		SolutionGuid = {E8CBA2C0-5B9C-432B-8995-6DF79061A68F}
	EndGlobalSection
EndGlobal
