
Microsoft Visual Studio Solution File, Format Version 12.00
# Visual Studio Version 17
VisualStudioVersion = 17.4.33110.190
MinimumVisualStudioVersion = 10.0.40219.1
Project("{9A19103F-16F7-4668-BE54-9A1E7A4F7556}") = "Developist.Core.Cqrs", "src\Developist.Core.Cqrs\Developist.Core.Cqrs.csproj", "{D41AB669-215F-4962-A302-8D0976456382}"
EndProject
Project("{FAE04EC0-301F-11D3-BF4B-00C04F79EFBC}") = "Developist.Core.Cqrs.Tests", "test\Developist.Core.Cqrs.Tests\Developist.Core.Cqrs.Tests.csproj", "{2499A197-8B8F-4903-B8AB-D148FE55E6B7}"
EndProject
Global
	GlobalSection(SolutionConfigurationPlatforms) = preSolution
		Debug|Any CPU = Debug|Any CPU
		Release|Any CPU = Release|Any CPU
	EndGlobalSection
	GlobalSection(ProjectConfigurationPlatforms) = postSolution
		{D41AB669-215F-4962-A302-8D0976456382}.Debug|Any CPU.ActiveCfg = Debug|Any CPU
		{D41AB669-215F-4962-A302-8D0976456382}.Debug|Any CPU.Build.0 = Debug|Any CPU
		{D41AB669-215F-4962-A302-8D0976456382}.Release|Any CPU.ActiveCfg = Release|Any CPU
		{D41AB669-215F-4962-A302-8D0976456382}.Release|Any CPU.Build.0 = Release|Any CPU
		{2499A197-8B8F-4903-B8AB-D148FE55E6B7}.Debug|Any CPU.ActiveCfg = Debug|Any CPU
		{2499A197-8B8F-4903-B8AB-D148FE55E6B7}.Debug|Any CPU.Build.0 = Debug|Any CPU
		{2499A197-8B8F-4903-B8AB-D148FE55E6B7}.Release|Any CPU.ActiveCfg = Release|Any CPU
		{2499A197-8B8F-4903-B8AB-D148FE55E6B7}.Release|Any CPU.Build.0 = Release|Any CPU
	EndGlobalSection
	GlobalSection(SolutionProperties) = preSolution
		HideSolutionNode = FALSE
	EndGlobalSection
	GlobalSection(ExtensibilityGlobals) = postSolution
		SolutionGuid = {31F41748-A350-4AE8-8507-C28F4B3931B2}
	EndGlobalSection
EndGlobal
